
Microsoft Visual Studio Solution File, Format Version 12.00
# Visual Studio Version 17
VisualStudioVersion = 17.1.32319.34
MinimumVisualStudioVersion = 10.0.40219.1
Project("{FAE04EC0-301F-11D3-BF4B-00C04F79EFBC}") = "P01.Secret Chat", "P01.Secret Chat\P01.Secret Chat.csproj", "{C4828763-5D94-4102-AF78-7B5555D07205}"
EndProject
Global
	GlobalSection(SolutionConfigurationPlatforms) = preSolution
		Debug|Any CPU = Debug|Any CPU
		Release|Any CPU = Release|Any CPU
	EndGlobalSection
	GlobalSection(ProjectConfigurationPlatforms) = postSolution
		{C4828763-5D94-4102-AF78-7B5555D07205}.Debug|Any CPU.ActiveCfg = Debug|Any CPU
		{C4828763-5D94-4102-AF78-7B5555D07205}.Debug|Any CPU.Build.0 = Debug|Any CPU
		{C4828763-5D94-4102-AF78-7B5555D07205}.Release|Any CPU.ActiveCfg = Release|Any CPU
		{C4828763-5D94-4102-AF78-7B5555D07205}.Release|Any CPU.Build.0 = Release|Any CPU
	EndGlobalSection
	GlobalSection(SolutionProperties) = preSolution
		HideSolutionNode = FALSE
	EndGlobalSection
	GlobalSection(ExtensibilityGlobals) = postSolution
		SolutionGuid = {3CEBA4AD-1E5D-41B5-81C4-E975C3AD7E77}
	EndGlobalSection
EndGlobal
