
Microsoft Visual Studio Solution File, Format Version 12.00
# Visual Studio Version 17
VisualStudioVersion = 17.0.32126.317
MinimumVisualStudioVersion = 10.0.40219.1
Project("{FAE04EC0-301F-11D3-BF4B-00C04F79EFBC}") = "P01. Burger Bus", "P01. Burger Bus\P01. Burger Bus.csproj", "{297F1E6D-E6EC-4EB1-8A68-F4F475A59098}"
EndProject
Project("{FAE04EC0-301F-11D3-BF4B-00C04F79EFBC}") = "P02. Tax Calculator", "P02. Tax Calculator\P02. Tax Calculator.csproj", "{4E728505-6B90-45DE-B82E-06FE0CA114F0}"
EndProject
Project("{FAE04EC0-301F-11D3-BF4B-00C04F79EFBC}") = "P03. School Library", "P03. School Library\P03. School Library.csproj", "{ECCEEC9B-16BB-4838-8CEE-C2BE0970F13E}"
EndProject
Global
	GlobalSection(SolutionConfigurationPlatforms) = preSolution
		Debug|Any CPU = Debug|Any CPU
		Release|Any CPU = Release|Any CPU
	EndGlobalSection
	GlobalSection(ProjectConfigurationPlatforms) = postSolution
		{297F1E6D-E6EC-4EB1-8A68-F4F475A59098}.Debug|Any CPU.ActiveCfg = Debug|Any CPU
		{297F1E6D-E6EC-4EB1-8A68-F4F475A59098}.Debug|Any CPU.Build.0 = Debug|Any CPU
		{297F1E6D-E6EC-4EB1-8A68-F4F475A59098}.Release|Any CPU.ActiveCfg = Release|Any CPU
		{297F1E6D-E6EC-4EB1-8A68-F4F475A59098}.Release|Any CPU.Build.0 = Release|Any CPU
		{4E728505-6B90-45DE-B82E-06FE0CA114F0}.Debug|Any CPU.ActiveCfg = Debug|Any CPU
		{4E728505-6B90-45DE-B82E-06FE0CA114F0}.Debug|Any CPU.Build.0 = Debug|Any CPU
		{4E728505-6B90-45DE-B82E-06FE0CA114F0}.Release|Any CPU.ActiveCfg = Release|Any CPU
		{4E728505-6B90-45DE-B82E-06FE0CA114F0}.Release|Any CPU.Build.0 = Release|Any CPU
		{ECCEEC9B-16BB-4838-8CEE-C2BE0970F13E}.Debug|Any CPU.ActiveCfg = Debug|Any CPU
		{ECCEEC9B-16BB-4838-8CEE-C2BE0970F13E}.Debug|Any CPU.Build.0 = Debug|Any CPU
		{ECCEEC9B-16BB-4838-8CEE-C2BE0970F13E}.Release|Any CPU.ActiveCfg = Release|Any CPU
		{ECCEEC9B-16BB-4838-8CEE-C2BE0970F13E}.Release|Any CPU.Build.0 = Release|Any CPU
	EndGlobalSection
	GlobalSection(SolutionProperties) = preSolution
		HideSolutionNode = FALSE
	EndGlobalSection
	GlobalSection(ExtensibilityGlobals) = postSolution
		SolutionGuid = {D6DCF442-AE35-41B4-9F56-E2AA0C45E136}
	EndGlobalSection
EndGlobal
