
Microsoft Visual Studio Solution File, Format Version 12.00
# Visual Studio Version 17
VisualStudioVersion = 17.1.32319.34
MinimumVisualStudioVersion = 10.0.40219.1
Project("{FAE04EC0-301F-11D3-BF4B-00C04F79EFBC}") = "P01.TheImitationGame", "P01.TheImitationGame\P01.TheImitationGame.csproj", "{908863FC-B19F-4FFA-A0D0-88BB48D82F87}"
EndProject
Project("{FAE04EC0-301F-11D3-BF4B-00C04F79EFBC}") = "P02.AdAstra", "P02.AdAstra\P02.AdAstra.csproj", "{F418A01B-CD61-44BB-BA84-46625BC7B30F}"
EndProject
Project("{FAE04EC0-301F-11D3-BF4B-00C04F79EFBC}") = "P03.ThePianist", "P03.ThePianist\P03.ThePianist.csproj", "{4D0BDBB4-B733-4852-9A38-F1C532F7FBB5}"
EndProject
Global
	GlobalSection(SolutionConfigurationPlatforms) = preSolution
		Debug|Any CPU = Debug|Any CPU
		Release|Any CPU = Release|Any CPU
	EndGlobalSection
	GlobalSection(ProjectConfigurationPlatforms) = postSolution
		{908863FC-B19F-4FFA-A0D0-88BB48D82F87}.Debug|Any CPU.ActiveCfg = Debug|Any CPU
		{908863FC-B19F-4FFA-A0D0-88BB48D82F87}.Debug|Any CPU.Build.0 = Debug|Any CPU
		{908863FC-B19F-4FFA-A0D0-88BB48D82F87}.Release|Any CPU.ActiveCfg = Release|Any CPU
		{908863FC-B19F-4FFA-A0D0-88BB48D82F87}.Release|Any CPU.Build.0 = Release|Any CPU
		{F418A01B-CD61-44BB-BA84-46625BC7B30F}.Debug|Any CPU.ActiveCfg = Debug|Any CPU
		{F418A01B-CD61-44BB-BA84-46625BC7B30F}.Debug|Any CPU.Build.0 = Debug|Any CPU
		{F418A01B-CD61-44BB-BA84-46625BC7B30F}.Release|Any CPU.ActiveCfg = Release|Any CPU
		{F418A01B-CD61-44BB-BA84-46625BC7B30F}.Release|Any CPU.Build.0 = Release|Any CPU
		{4D0BDBB4-B733-4852-9A38-F1C532F7FBB5}.Debug|Any CPU.ActiveCfg = Debug|Any CPU
		{4D0BDBB4-B733-4852-9A38-F1C532F7FBB5}.Debug|Any CPU.Build.0 = Debug|Any CPU
		{4D0BDBB4-B733-4852-9A38-F1C532F7FBB5}.Release|Any CPU.ActiveCfg = Release|Any CPU
		{4D0BDBB4-B733-4852-9A38-F1C532F7FBB5}.Release|Any CPU.Build.0 = Release|Any CPU
	EndGlobalSection
	GlobalSection(SolutionProperties) = preSolution
		HideSolutionNode = FALSE
	EndGlobalSection
	GlobalSection(ExtensibilityGlobals) = postSolution
		SolutionGuid = {00DB42CC-FD41-424E-8F43-597137AEE49E}
	EndGlobalSection
EndGlobal
