
Microsoft Visual Studio Solution File, Format Version 12.00
# Visual Studio Version 17
VisualStudioVersion = 17.1.32319.34
MinimumVisualStudioVersion = 10.0.40219.1
Project("{FAE04EC0-301F-11D3-BF4B-00C04F79EFBC}") = "P01.ActivationKeys", "P01.ActivationKeys\P01.ActivationKeys.csproj", "{AA495C6B-EA5D-40A0-BCE5-7B698A550B6C}"
EndProject
Project("{FAE04EC0-301F-11D3-BF4B-00C04F79EFBC}") = "P02.EmojiDetector", "P02.EmojiDetector\P02.EmojiDetector.csproj", "{46543AAE-FEAF-4879-A1C6-0FFDAAFC143D}"
EndProject
Project("{FAE04EC0-301F-11D3-BF4B-00C04F79EFBC}") = "P03.P!rates", "P03.P!rates\P03.P!rates.csproj", "{789B9F16-5C9A-444D-8857-C9FE545197DA}"
EndProject
Global
	GlobalSection(SolutionConfigurationPlatforms) = preSolution
		Debug|Any CPU = Debug|Any CPU
		Release|Any CPU = Release|Any CPU
	EndGlobalSection
	GlobalSection(ProjectConfigurationPlatforms) = postSolution
		{AA495C6B-EA5D-40A0-BCE5-7B698A550B6C}.Debug|Any CPU.ActiveCfg = Debug|Any CPU
		{AA495C6B-EA5D-40A0-BCE5-7B698A550B6C}.Debug|Any CPU.Build.0 = Debug|Any CPU
		{AA495C6B-EA5D-40A0-BCE5-7B698A550B6C}.Release|Any CPU.ActiveCfg = Release|Any CPU
		{AA495C6B-EA5D-40A0-BCE5-7B698A550B6C}.Release|Any CPU.Build.0 = Release|Any CPU
		{46543AAE-FEAF-4879-A1C6-0FFDAAFC143D}.Debug|Any CPU.ActiveCfg = Debug|Any CPU
		{46543AAE-FEAF-4879-A1C6-0FFDAAFC143D}.Debug|Any CPU.Build.0 = Debug|Any CPU
		{46543AAE-FEAF-4879-A1C6-0FFDAAFC143D}.Release|Any CPU.ActiveCfg = Release|Any CPU
		{46543AAE-FEAF-4879-A1C6-0FFDAAFC143D}.Release|Any CPU.Build.0 = Release|Any CPU
		{789B9F16-5C9A-444D-8857-C9FE545197DA}.Debug|Any CPU.ActiveCfg = Debug|Any CPU
		{789B9F16-5C9A-444D-8857-C9FE545197DA}.Debug|Any CPU.Build.0 = Debug|Any CPU
		{789B9F16-5C9A-444D-8857-C9FE545197DA}.Release|Any CPU.ActiveCfg = Release|Any CPU
		{789B9F16-5C9A-444D-8857-C9FE545197DA}.Release|Any CPU.Build.0 = Release|Any CPU
	EndGlobalSection
	GlobalSection(SolutionProperties) = preSolution
		HideSolutionNode = FALSE
	EndGlobalSection
	GlobalSection(ExtensibilityGlobals) = postSolution
		SolutionGuid = {6E684B61-3794-4BF2-B902-CA1AE69B5F31}
	EndGlobalSection
EndGlobal
