
Microsoft Visual Studio Solution File, Format Version 12.00
# Visual Studio Version 17
VisualStudioVersion = 17.0.32112.339
MinimumVisualStudioVersion = 10.0.40219.1
Project("{9A19103F-16F7-4668-BE54-9A1E7A4F7556}") = "P01. Sign of Integer Numbers", "P01. Sign of Integer Numbers\P01. Sign of Integer Numbers.csproj", "{02741152-18C0-438E-82BB-FF52D46DCD66}"
EndProject
Project("{FAE04EC0-301F-11D3-BF4B-00C04F79EFBC}") = "P02.Grades", "P02.Grades\P02.Grades.csproj", "{497B885D-C6C8-4015-8AC7-8AD907FD896D}"
EndProject
Project("{FAE04EC0-301F-11D3-BF4B-00C04F79EFBC}") = "P11. Math operations", "P11. Math operations\P11. Math operations.csproj", "{C1A5256F-FE4F-40B9-BA60-13670A9CBE3B}"
EndProject
Global
	GlobalSection(SolutionConfigurationPlatforms) = preSolution
		Debug|Any CPU = Debug|Any CPU
		Release|Any CPU = Release|Any CPU
	EndGlobalSection
	GlobalSection(ProjectConfigurationPlatforms) = postSolution
		{02741152-18C0-438E-82BB-FF52D46DCD66}.Debug|Any CPU.ActiveCfg = Debug|Any CPU
		{02741152-18C0-438E-82BB-FF52D46DCD66}.Debug|Any CPU.Build.0 = Debug|Any CPU
		{02741152-18C0-438E-82BB-FF52D46DCD66}.Release|Any CPU.ActiveCfg = Release|Any CPU
		{02741152-18C0-438E-82BB-FF52D46DCD66}.Release|Any CPU.Build.0 = Release|Any CPU
		{497B885D-C6C8-4015-8AC7-8AD907FD896D}.Debug|Any CPU.ActiveCfg = Debug|Any CPU
		{497B885D-C6C8-4015-8AC7-8AD907FD896D}.Debug|Any CPU.Build.0 = Debug|Any CPU
		{497B885D-C6C8-4015-8AC7-8AD907FD896D}.Release|Any CPU.ActiveCfg = Release|Any CPU
		{497B885D-C6C8-4015-8AC7-8AD907FD896D}.Release|Any CPU.Build.0 = Release|Any CPU
		{C1A5256F-FE4F-40B9-BA60-13670A9CBE3B}.Debug|Any CPU.ActiveCfg = Debug|Any CPU
		{C1A5256F-FE4F-40B9-BA60-13670A9CBE3B}.Debug|Any CPU.Build.0 = Debug|Any CPU
		{C1A5256F-FE4F-40B9-BA60-13670A9CBE3B}.Release|Any CPU.ActiveCfg = Release|Any CPU
		{C1A5256F-FE4F-40B9-BA60-13670A9CBE3B}.Release|Any CPU.Build.0 = Release|Any CPU
	EndGlobalSection
	GlobalSection(SolutionProperties) = preSolution
		HideSolutionNode = FALSE
	EndGlobalSection
	GlobalSection(ExtensibilityGlobals) = postSolution
		SolutionGuid = {624F562E-1D1A-4E00-99A8-053C048E79FA}
	EndGlobalSection
EndGlobal
