
Microsoft Visual Studio Solution File, Format Version 12.00
# Visual Studio Version 17
VisualStudioVersion = 17.1.32210.238
MinimumVisualStudioVersion = 10.0.40219.1
Project("{9A19103F-16F7-4668-BE54-9A1E7A4F7556}") = "P01.Reverse Strings", "P01.Reverse Strings\P01.Reverse Strings.csproj", "{16726E58-6107-4143-A5A4-82503D0F5CD1}"
EndProject
Project("{FAE04EC0-301F-11D3-BF4B-00C04F79EFBC}") = "P02.Repeat Strings", "P02.Repeat Strings\P02.Repeat Strings.csproj", "{EA5CC42C-74AC-43BF-B3D1-5D92B1999BF8}"
EndProject
Project("{FAE04EC0-301F-11D3-BF4B-00C04F79EFBC}") = "P03.Substring", "P03.Substring\P03.Substring.csproj", "{58A8C4B4-FCC8-41A3-A936-B1C67A0F3D6F}"
EndProject
Project("{FAE04EC0-301F-11D3-BF4B-00C04F79EFBC}") = "P04.Text Filter", "P04.Text Filter\P04.Text Filter.csproj", "{FC3DFCA3-6FFB-4BCA-96A9-C5B38B575B4E}"
EndProject
Project("{FAE04EC0-301F-11D3-BF4B-00C04F79EFBC}") = "P05.Digits, Letters and Other", "P05.Digits, Letters and Other\P05.Digits, Letters and Other.csproj", "{BA6E8071-F5C9-4EB7-B5CC-CF2DD5BDC0C7}"
EndProject
Global
	GlobalSection(SolutionConfigurationPlatforms) = preSolution
		Debug|Any CPU = Debug|Any CPU
		Release|Any CPU = Release|Any CPU
	EndGlobalSection
	GlobalSection(ProjectConfigurationPlatforms) = postSolution
		{16726E58-6107-4143-A5A4-82503D0F5CD1}.Debug|Any CPU.ActiveCfg = Debug|Any CPU
		{16726E58-6107-4143-A5A4-82503D0F5CD1}.Debug|Any CPU.Build.0 = Debug|Any CPU
		{16726E58-6107-4143-A5A4-82503D0F5CD1}.Release|Any CPU.ActiveCfg = Release|Any CPU
		{16726E58-6107-4143-A5A4-82503D0F5CD1}.Release|Any CPU.Build.0 = Release|Any CPU
		{EA5CC42C-74AC-43BF-B3D1-5D92B1999BF8}.Debug|Any CPU.ActiveCfg = Debug|Any CPU
		{EA5CC42C-74AC-43BF-B3D1-5D92B1999BF8}.Debug|Any CPU.Build.0 = Debug|Any CPU
		{EA5CC42C-74AC-43BF-B3D1-5D92B1999BF8}.Release|Any CPU.ActiveCfg = Release|Any CPU
		{EA5CC42C-74AC-43BF-B3D1-5D92B1999BF8}.Release|Any CPU.Build.0 = Release|Any CPU
		{58A8C4B4-FCC8-41A3-A936-B1C67A0F3D6F}.Debug|Any CPU.ActiveCfg = Debug|Any CPU
		{58A8C4B4-FCC8-41A3-A936-B1C67A0F3D6F}.Debug|Any CPU.Build.0 = Debug|Any CPU
		{58A8C4B4-FCC8-41A3-A936-B1C67A0F3D6F}.Release|Any CPU.ActiveCfg = Release|Any CPU
		{58A8C4B4-FCC8-41A3-A936-B1C67A0F3D6F}.Release|Any CPU.Build.0 = Release|Any CPU
		{FC3DFCA3-6FFB-4BCA-96A9-C5B38B575B4E}.Debug|Any CPU.ActiveCfg = Debug|Any CPU
		{FC3DFCA3-6FFB-4BCA-96A9-C5B38B575B4E}.Debug|Any CPU.Build.0 = Debug|Any CPU
		{FC3DFCA3-6FFB-4BCA-96A9-C5B38B575B4E}.Release|Any CPU.ActiveCfg = Release|Any CPU
		{FC3DFCA3-6FFB-4BCA-96A9-C5B38B575B4E}.Release|Any CPU.Build.0 = Release|Any CPU
		{BA6E8071-F5C9-4EB7-B5CC-CF2DD5BDC0C7}.Debug|Any CPU.ActiveCfg = Debug|Any CPU
		{BA6E8071-F5C9-4EB7-B5CC-CF2DD5BDC0C7}.Debug|Any CPU.Build.0 = Debug|Any CPU
		{BA6E8071-F5C9-4EB7-B5CC-CF2DD5BDC0C7}.Release|Any CPU.ActiveCfg = Release|Any CPU
		{BA6E8071-F5C9-4EB7-B5CC-CF2DD5BDC0C7}.Release|Any CPU.Build.0 = Release|Any CPU
	EndGlobalSection
	GlobalSection(SolutionProperties) = preSolution
		HideSolutionNode = FALSE
	EndGlobalSection
	GlobalSection(ExtensibilityGlobals) = postSolution
		SolutionGuid = {2DB1D325-3C39-4AC4-9CE7-A7A2A4EB2A8A}
	EndGlobalSection
EndGlobal
