
Microsoft Visual Studio Solution File, Format Version 12.00
# Visual Studio Version 17
VisualStudioVersion = 17.1.32228.430
MinimumVisualStudioVersion = 10.0.40219.1
Project("{9A19103F-16F7-4668-BE54-9A1E7A4F7556}") = "P01.Furniture", "P01.Furniture\P01.Furniture.csproj", "{C5B8854F-CF7E-4384-986E-A7252AA67639}"
EndProject
Project("{9A19103F-16F7-4668-BE54-9A1E7A4F7556}") = "P01.1.Furniture", "P01.1.Furniture\P01.1.Furniture.csproj", "{16228937-F5A1-4259-B570-040E22A44FDC}"
EndProject
Project("{9A19103F-16F7-4668-BE54-9A1E7A4F7556}") = "P02.Race", "P02.Race\P02.Race.csproj", "{1451F740-855F-4E4E-9299-9A3AF1714817}"
EndProject
Project("{9A19103F-16F7-4668-BE54-9A1E7A4F7556}") = "P03.SoftUni Bar Income", "P03.SoftUni Bar Income\P03.SoftUni Bar Income.csproj", "{87C25851-998D-4D07-936B-51D8F279E31F}"
EndProject
Project("{FAE04EC0-301F-11D3-BF4B-00C04F79EFBC}") = "P04.StarEnigma", "P04.StarEnigma\P04.StarEnigma.csproj", "{5D6FF21E-24A3-4487-BDAB-EB9D3AC2E749}"
EndProject
Global
	GlobalSection(SolutionConfigurationPlatforms) = preSolution
		Debug|Any CPU = Debug|Any CPU
		Release|Any CPU = Release|Any CPU
	EndGlobalSection
	GlobalSection(ProjectConfigurationPlatforms) = postSolution
		{C5B8854F-CF7E-4384-986E-A7252AA67639}.Debug|Any CPU.ActiveCfg = Debug|Any CPU
		{C5B8854F-CF7E-4384-986E-A7252AA67639}.Debug|Any CPU.Build.0 = Debug|Any CPU
		{C5B8854F-CF7E-4384-986E-A7252AA67639}.Release|Any CPU.ActiveCfg = Release|Any CPU
		{C5B8854F-CF7E-4384-986E-A7252AA67639}.Release|Any CPU.Build.0 = Release|Any CPU
		{16228937-F5A1-4259-B570-040E22A44FDC}.Debug|Any CPU.ActiveCfg = Debug|Any CPU
		{16228937-F5A1-4259-B570-040E22A44FDC}.Debug|Any CPU.Build.0 = Debug|Any CPU
		{16228937-F5A1-4259-B570-040E22A44FDC}.Release|Any CPU.ActiveCfg = Release|Any CPU
		{16228937-F5A1-4259-B570-040E22A44FDC}.Release|Any CPU.Build.0 = Release|Any CPU
		{1451F740-855F-4E4E-9299-9A3AF1714817}.Debug|Any CPU.ActiveCfg = Debug|Any CPU
		{1451F740-855F-4E4E-9299-9A3AF1714817}.Debug|Any CPU.Build.0 = Debug|Any CPU
		{1451F740-855F-4E4E-9299-9A3AF1714817}.Release|Any CPU.ActiveCfg = Release|Any CPU
		{1451F740-855F-4E4E-9299-9A3AF1714817}.Release|Any CPU.Build.0 = Release|Any CPU
		{87C25851-998D-4D07-936B-51D8F279E31F}.Debug|Any CPU.ActiveCfg = Debug|Any CPU
		{87C25851-998D-4D07-936B-51D8F279E31F}.Debug|Any CPU.Build.0 = Debug|Any CPU
		{87C25851-998D-4D07-936B-51D8F279E31F}.Release|Any CPU.ActiveCfg = Release|Any CPU
		{87C25851-998D-4D07-936B-51D8F279E31F}.Release|Any CPU.Build.0 = Release|Any CPU
		{5D6FF21E-24A3-4487-BDAB-EB9D3AC2E749}.Debug|Any CPU.ActiveCfg = Debug|Any CPU
		{5D6FF21E-24A3-4487-BDAB-EB9D3AC2E749}.Debug|Any CPU.Build.0 = Debug|Any CPU
		{5D6FF21E-24A3-4487-BDAB-EB9D3AC2E749}.Release|Any CPU.ActiveCfg = Release|Any CPU
		{5D6FF21E-24A3-4487-BDAB-EB9D3AC2E749}.Release|Any CPU.Build.0 = Release|Any CPU
	EndGlobalSection
	GlobalSection(SolutionProperties) = preSolution
		HideSolutionNode = FALSE
	EndGlobalSection
	GlobalSection(ExtensibilityGlobals) = postSolution
		SolutionGuid = {DB9CA609-5306-4566-8633-47FD4C6FD4C1}
	EndGlobalSection
EndGlobal
